lockfileVersion: '9.0'

settings:
  autoInstallPeers: true
  excludeLinksFromLockfile: false

importers:

  .:
    dependencies:
      '@faker-js/faker':
        specifier: ^8.4.1
        version: 8.4.1
      dotenv:
        specifier: ^16.4.5
        version: 16.4.7
      nodemailer:
        specifier: ^6.9.12
        version: 6.10.0

packages:

  '@faker-js/faker@8.4.1':
    resolution: {integrity: sha512-XQ3cU+Q8Uqmrbf2e0cIC/QN43sTBSC8KF12u29Mb47tWrt2hAgBXSgpZMj4Ao8Uk0iJcU99QsOCaIL8934obCg==}
    engines: {node: ^14.17.0 || ^16.13.0 || >=18.0.0, npm: '>=6.14.13'}

  dotenv@16.4.7:
    resolution: {integrity: sha512-47qPchRCykZC03FhkYAhrvwU4xDBFIj1QPqaarj6mdM/hgUzfPHcpkHJOn3mJAufFeeAxAzeGsr5X0M4k6fLZQ==}
    engines: {node: '>=12'}

  nodemailer@6.10.0:
    resolution: {integrity: sha512-SQ3wZCExjeSatLE/HBaXS5vqUOQk6GtBdIIKxiFdmm01mOQZX/POJkO3SUX1wDiYcwUOJwT23scFSC9fY2H8IA==}
    engines: {node: '>=6.0.0'}

snapshots:

  '@faker-js/faker@8.4.1': {}

  dotenv@16.4.7: {}

  nodemailer@6.10.0: {}
